
Microsoft Visual Studio Solution File, Format Version 12.00
# Visual Studio Version 17
VisualStudioVersion = 17.4.33205.214
MinimumVisualStudioVersion = 10.0.40219.1
Project("{FAE04EC0-301F-11D3-BF4B-00C04F79EFBC}") = "WinApp", "WinApp\WinApp.csproj", "{85B1CEE6-5521-423A-8675-433BE284B14B}"
EndProject
Project("{FAE04EC0-301F-11D3-BF4B-00C04F79EFBC}") = "Kuik.UIControls", "Kuik.UIControls\Kuik.UIControls.csproj", "{3695E630-6539-4FF8-B11F-553B6E6E8BED}"
EndProject
Global
	GlobalSection(SolutionConfigurationPlatforms) = preSolution
		Debug|Any CPU = Debug|Any CPU
		Release|Any CPU = Release|Any CPU
	EndGlobalSection
	GlobalSection(ProjectConfigurationPlatforms) = postSolution
		{85B1CEE6-5521-423A-8675-433BE284B14B}.Debug|Any CPU.ActiveCfg = Debug|Any CPU
		{85B1CEE6-5521-423A-8675-433BE284B14B}.Debug|Any CPU.Build.0 = Debug|Any CPU
		{85B1CEE6-5521-423A-8675-433BE284B14B}.Release|Any CPU.ActiveCfg = Release|Any CPU
		{85B1CEE6-5521-423A-8675-433BE284B14B}.Release|Any CPU.Build.0 = Release|Any CPU
		{3695E630-6539-4FF8-B11F-553B6E6E8BED}.Debug|Any CPU.ActiveCfg = Debug|Any CPU
		{3695E630-6539-4FF8-B11F-553B6E6E8BED}.Debug|Any CPU.Build.0 = Debug|Any CPU
		{3695E630-6539-4FF8-B11F-553B6E6E8BED}.Release|Any CPU.ActiveCfg = Release|Any CPU
		{3695E630-6539-4FF8-B11F-553B6E6E8BED}.Release|Any CPU.Build.0 = Release|Any CPU
	EndGlobalSection
	GlobalSection(SolutionProperties) = preSolution
		HideSolutionNode = FALSE
	EndGlobalSection
	GlobalSection(ExtensibilityGlobals) = postSolution
		SolutionGuid = {4BF6F764-7D9B-4BDB-A151-82D7CB8BF993}
	EndGlobalSection
EndGlobal
